
Microsoft Visual Studio Solution File, Format Version 12.00
# Visual Studio 2012
Project("{FAE04EC0-301F-11D3-BF4B-00C04F79EFBC}") = "Tochka", "Tochka.csproj", "{4C86AE0C-8266-4D9D-AC04-840C27117857}"
EndProject
Global
	GlobalSection(SolutionConfigurationPlatforms) = preSolution
		Debug|Any CPU = Debug|Any CPU
		Release|Any CPU = Release|Any CPU
	EndGlobalSection
	GlobalSection(ProjectConfigurationPlatforms) = postSolution
		{4C86AE0C-8266-4D9D-AC04-840C27117857}.Debug|Any CPU.ActiveCfg = Debug|Any CPU
		{4C86AE0C-8266-4D9D-AC04-840C27117857}.Debug|Any CPU.Build.0 = Debug|Any CPU
		{4C86AE0C-8266-4D9D-AC04-840C27117857}.Release|Any CPU.ActiveCfg = Release|Any CPU
		{4C86AE0C-8266-4D9D-AC04-840C27117857}.Release|Any CPU.Build.0 = Release|Any CPU
	EndGlobalSection
EndGlobal
